// !$*UTF8*$!
{
	archiveVersion = 1;
	classes = {
	};
	objectVersion = 46;
	objects = {

/* Begin PBXBuildFile section */
		93C89CCB1B3CC3340033CCCC /* AppDelegate.m in Sources */ = {isa = PBXBuildFile; fileRef = 93C89CCA1B3CC3340033CCCC /* AppDelegate.m */; };
		93C89CCD1B3CC3340033CCCC /* main.m in Sources */ = {isa = PBXBuildFile; fileRef = 93C89CCC1B3CC3340033CCCC /* main.m */; };
		93C89CD01B3CC3340033CCCC /* ViewController.m in Sources */ = {isa = PBXBuildFile; fileRef = 93C89CCF1B3CC3340033CCCC /* ViewController.m */; };
		93C89CD21B3CC3340033CCCC /* Images.xcassets in Resources */ = {isa = PBXBuildFile; fileRef = 93C89CD11B3CC3340033CCCC /* Images.xcassets */; };
		93C89CD51B3CC3340033CCCC /* Main.storyboard in Resources */ = {isa = PBXBuildFile; fileRef = 93C89CD31B3CC3340033CCCC /* Main.storyboard */; };
		93C89CE11B3CC3350033CCCC /* Noon_PacificTests.m in Sources */ = {isa = PBXBuildFile; fileRef = 93C89CE01B3CC3350033CCCC /* Noon_PacificTests.m */; };
		93C89CEB1B3CD2790033CCCC /* WebKit.framework in Frameworks */ = {isa = PBXBuildFile; fileRef = 93C89CEA1B3CD2790033CCCC /* WebKit.framework */; };
		93C8AA301B3CFF3B0033CCCC /* injected.js in Resources */ = {isa = PBXBuildFile; fileRef = 93C8AA2F1B3CFF3B0033CCCC /* injected.js */; };
/* End PBXBuildFile section */

/* Begin PBXContainerItemProxy section */
		93C89CDB1B3CC3350033CCCC /* PBXContainerItemProxy */ = {
			isa = PBXContainerItemProxy;
			containerPortal = 93C89CBC1B3CC3340033CCCC /* Project object */;
			proxyType = 1;
			remoteGlobalIDString = 93C89CC31B3CC3340033CCCC;
			remoteInfo = "Noon Pacific";
		};
/* End PBXContainerItemProxy section */

/* Begin PBXFileReference section */
		93C89CC41B3CC3340033CCCC /* Noon Pacific.app */ = {isa = PBXFileReference; explicitFileType = wrapper.application; includeInIndex = 0; path = "Noon Pacific.app"; sourceTree = BUILT_PRODUCTS_DIR; };
		93C89CC81B3CC3340033CCCC /* Info.plist */ = {isa = PBXFileReference; lastKnownFileType = text.plist.xml; path = Info.plist; sourceTree = "<group>"; };
		93C89CC91B3CC3340033CCCC /* AppDelegate.h */ = {isa = PBXFileReference; lastKnownFileType = sourcecode.c.h; path = AppDelegate.h; sourceTree = "<group>"; };
		93C89CCA1B3CC3340033CCCC /* AppDelegate.m */ = {isa = PBXFileReference; lastKnownFileType = sourcecode.c.objc; path = AppDelegate.m; sourceTree = "<group>"; };
		93C89CCC1B3CC3340033CCCC /* main.m */ = {isa = PBXFileReference; lastKnownFileType = sourcecode.c.objc; path = main.m; sourceTree = "<group>"; };
		93C89CCE1B3CC3340033CCCC /* ViewController.h */ = {isa = PBXFileReference; lastKnownFileType = sourcecode.c.h; path = ViewController.h; sourceTree = "<group>"; };
		93C89CCF1B3CC3340033CCCC /* ViewController.m */ = {isa = PBXFileReference; lastKnownFileType = sourcecode.c.objc; path = ViewController.m; sourceTree = "<group>"; };
		93C89CD11B3CC3340033CCCC /* Images.xcassets */ = {isa = PBXFileReference; lastKnownFileType = folder.assetcatalog; path = Images.xcassets; sourceTree = "<group>"; };
		93C89CD41B3CC3340033CCCC /* Base */ = {isa = PBXFileReference; lastKnownFileType = file.storyboard; name = Base; path = Base.lproj/Main.storyboard; sourceTree = "<group>"; };
		93C89CDA1B3CC3350033CCCC /* Noon PacificTests.xctest */ = {isa = PBXFileReference; explicitFileType = wrapper.cfbundle; includeInIndex = 0; path = "Noon PacificTests.xctest"; sourceTree = BUILT_PRODUCTS_DIR; };
		93C89CDF1B3CC3350033CCCC /* Info.plist */ = {isa = PBXFileReference; lastKnownFileType = text.plist.xml; path = Info.plist; sourceTree = "<group>"; };
		93C89CE01B3CC3350033CCCC /* Noon_PacificTests.m */ = {isa = PBXFileReference; lastKnownFileType = sourcecode.c.objc; path = Noon_PacificTests.m; sourceTree = "<group>"; };
		93C89CEA1B3CD2790033CCCC /* WebKit.framework */ = {isa = PBXFileReference; lastKnownFileType = wrapper.framework; name = WebKit.framework; path = System/Library/Frameworks/WebKit.framework; sourceTree = SDKROOT; };
		93C8AA2F1B3CFF3B0033CCCC /* injected.js */ = {isa = PBXFileReference; fileEncoding = 4; lastKnownFileType = sourcecode.javascript; path = injected.js; sourceTree = "<group>"; };
/* End PBXFileReference section */

/* Begin PBXFrameworksBuildPhase section */
		93C89CC11B3CC3340033CCCC /* Frameworks */ = {
			isa = PBXFrameworksBuildPhase;
			buildActionMask = 2147483647;
			files = (
				93C89CEB1B3CD2790033CCCC /* WebKit.framework in Frameworks */,
			);
			runOnlyForDeploymentPostprocessing = 0;
		};
		93C89CD71B3CC3350033CCCC /* Frameworks */ = {
			isa = PBXFrameworksBuildPhase;
			buildActionMask = 2147483647;
			files = (
			);
			runOnlyForDeploymentPostprocessing = 0;
		};
/* End PBXFrameworksBuildPhase section */

/* Begin PBXGroup section */
		93C89CBB1B3CC3340033CCCC = {
			isa = PBXGroup;
			children = (
				93C89CC61B3CC3340033CCCC /* Noon Pacific */,
				93C89CDD1B3CC3350033CCCC /* Noon PacificTests */,
				93C89CC51B3CC3340033CCCC /* Products */,
			);
			sourceTree = "<group>";
		};
		93C89CC51B3CC3340033CCCC /* Products */ = {
			isa = PBXGroup;
			children = (
				93C89CC41B3CC3340033CCCC /* Noon Pacific.app */,
				93C89CDA1B3CC3350033CCCC /* Noon PacificTests.xctest */,
			);
			name = Products;
			sourceTree = "<group>";
		};
		93C89CC61B3CC3340033CCCC /* Noon Pacific */ = {
			isa = PBXGroup;
			children = (
				93C8AA2F1B3CFF3B0033CCCC /* injected.js */,
				93C89CC91B3CC3340033CCCC /* AppDelegate.h */,
				93C89CCA1B3CC3340033CCCC /* AppDelegate.m */,
				93C89CCE1B3CC3340033CCCC /* ViewController.h */,
				93C89CCF1B3CC3340033CCCC /* ViewController.m */,
				93C89CD11B3CC3340033CCCC /* Images.xcassets */,
				93C89CD31B3CC3340033CCCC /* Main.storyboard */,
				93C89CC71B3CC3340033CCCC /* Supporting Files */,
			);
			path = "Noon Pacific";
			sourceTree = "<group>";
		};
		93C89CC71B3CC3340033CCCC /* Supporting Files */ = {
			isa = PBXGroup;
			children = (
				93C89CC81B3CC3340033CCCC /* Info.plist */,
				93C89CCC1B3CC3340033CCCC /* main.m */,
				93C89CEA1B3CD2790033CCCC /* WebKit.framework */,
			);
			name = "Supporting Files";
			sourceTree = "<group>";
		};
		93C89CDD1B3CC3350033CCCC /* Noon PacificTests */ = {
			isa = PBXGroup;
			children = (
				93C89CE01B3CC3350033CCCC /* Noon_PacificTests.m */,
				93C89CDE1B3CC3350033CCCC /* Supporting Files */,
			);
			path = "Noon PacificTests";
			sourceTree = "<group>";
		};
		93C89CDE1B3CC3350033CCCC /* Supporting Files */ = {
			isa = PBXGroup;
			children = (
				93C89CDF1B3CC3350033CCCC /* Info.plist */,
			);
			name = "Supporting Files";
			sourceTree = "<group>";
		};
/* End PBXGroup section */

/* Begin PBXNativeTarget section */
		93C89CC31B3CC3340033CCCC /* Noon Pacific */ = {
			isa = PBXNativeTarget;
			buildConfigurationList = 93C89CE41B3CC3350033CCCC /* Build configuration list for PBXNativeTarget "Noon Pacific" */;
			buildPhases = (
				93C89CC01B3CC3340033CCCC /* Sources */,
				93C89CC11B3CC3340033CCCC /* Frameworks */,
				93C89CC21B3CC3340033CCCC /* Resources */,
			);
			buildRules = (
			);
			dependencies = (
			);
			name = "Noon Pacific";
			productName = "Noon Pacific";
			productReference = 93C89CC41B3CC3340033CCCC /* Noon Pacific.app */;
			productType = "com.apple.product-type.application";
		};
		93C89CD91B3CC3350033CCCC /* Noon PacificTests */ = {
			isa = PBXNativeTarget;
			buildConfigurationList = 93C89CE71B3CC3350033CCCC /* Build configuration list for PBXNativeTarget "Noon PacificTests" */;
			buildPhases = (
				93C89CD61B3CC3350033CCCC /* Sources */,
				93C89CD71B3CC3350033CCCC /* Frameworks */,
				93C89CD81B3CC3350033CCCC /* Resources */,
			);
			buildRules = (
			);
			dependencies = (
				93C89CDC1B3CC3350033CCCC /* PBXTargetDependency */,
			);
			name = "Noon PacificTests";
			productName = "Noon PacificTests";
			productReference = 93C89CDA1B3CC3350033CCCC /* Noon PacificTests.xctest */;
			productType = "com.apple.product-type.bundle.unit-test";
		};
/* End PBXNativeTarget section */

/* Begin PBXProject section */
		93C89CBC1B3CC3340033CCCC /* Project object */ = {
			isa = PBXProject;
			attributes = {
				LastUpgradeCheck = 0630;
				ORGANIZATIONNAME = "Aaron Zinman";
				TargetAttributes = {
					93C89CC31B3CC3340033CCCC = {
						CreatedOnToolsVersion = 6.3.2;
					};
					93C89CD91B3CC3350033CCCC = {
						CreatedOnToolsVersion = 6.3.2;
						TestTargetID = 93C89CC31B3CC3340033CCCC;
					};
				};
			};
			buildConfigurationList = 93C89CBF1B3CC3340033CCCC /* Build configuration list for PBXProject "Noon Pacific" */;
			compatibilityVersion = "Xcode 3.2";
			developmentRegion = English;
			hasScannedForEncodings = 0;
			knownRegions = (
				en,
				Base,
			);
			mainGroup = 93C89CBB1B3CC3340033CCCC;
			productRefGroup = 93C89CC51B3CC3340033CCCC /* Products */;
			projectDirPath = "";
			projectRoot = "";
			targets = (
				93C89CC31B3CC3340033CCCC /* Noon Pacific */,
				93C89CD91B3CC3350033CCCC /* Noon PacificTests */,
			);
		};
/* End PBXProject section */

/* Begin PBXResourcesBuildPhase section */
		93C89CC21B3CC3340033CCCC /* Resources */ = {
			isa = PBXResourcesBuildPhase;
			buildActionMask = 2147483647;
			files = (
				93C89CD21B3CC3340033CCCC /* Images.xcassets in Resources */,
				93C8AA301B3CFF3B0033CCCC /* injected.js in Resources */,
				93C89CD51B3CC3340033CCCC /* Main.storyboard in Resources */,
			);
			runOnlyForDeploymentPostprocessing = 0;
		};
		93C89CD81B3CC3350033CCCC /* Resources */ = {
			isa = PBXResourcesBuildPhase;
			buildActionMask = 2147483647;
			files = (
			);
			runOnlyForDeploymentPostprocessing = 0;
		};
/* End PBXResourcesBuildPhase section */

/* Begin PBXSourcesBuildPhase section */
		93C89CC01B3CC3340033CCCC /* Sources */ = {
			isa = PBXSourcesBuildPhase;
			buildActionMask = 2147483647;
			files = (
				93C89CD01B3CC3340033CCCC /* ViewController.m in Sources */,
				93C89CCD1B3CC3340033CCCC /* main.m in Sources */,
				93C89CCB1B3CC3340033CCCC /* AppDelegate.m in Sources */,
			);
			runOnlyForDeploymentPostprocessing = 0;
		};
		93C89CD61B3CC3350033CCCC /* Sources */ = {
			isa = PBXSourcesBuildPhase;
			buildActionMask = 2147483647;
			files = (
				93C89CE11B3CC3350033CCCC /* Noon_PacificTests.m in Sources */,
			);
			runOnlyForDeploymentPostprocessing = 0;
		};
/* End PBXSourcesBuildPhase section */

/* Begin PBXTargetDependency section */
		93C89CDC1B3CC3350033CCCC /* PBXTargetDependency */ = {
			isa = PBXTargetDependency;
			target = 93C89CC31B3CC3340033CCCC /* Noon Pacific */;
			targetProxy = 93C89CDB1B3CC3350033CCCC /* PBXContainerItemProxy */;
		};
/* End PBXTargetDependency section */

/* Begin PBXVariantGroup section */
		93C89CD31B3CC3340033CCCC /* Main.storyboard */ = {
			isa = PBXVariantGroup;
			children = (
				93C89CD41B3CC3340033CCCC /* Base */,
			);
			name = Main.storyboard;
			sourceTree = "<group>";
		};
/* End PBXVariantGroup section */

/* Begin XCBuildConfiguration section */
		93C89CE21B3CC3350033CCCC /* Debug */ = {
			isa = XCBuildConfiguration;
			buildSettings = {
				ALWAYS_SEARCH_USER_PATHS = NO;
				CLANG_CXX_LANGUAGE_STANDARD = "gnu++0x";
				CLANG_CXX_LIBRARY = "libc++";
				CLANG_ENABLE_MODULES = YES;
				CLANG_ENABLE_OBJC_ARC = YES;
				CLANG_WARN_BOOL_CONVERSION = YES;
				CLANG_WARN_CONSTANT_CONVERSION = YES;
				CLANG_WARN_DIRECT_OBJC_ISA_USAGE = YES_ERROR;
				CLANG_WARN_EMPTY_BODY = YES;
				CLANG_WARN_ENUM_CONVERSION = YES;
				CLANG_WARN_INT_CONVERSION = YES;
				CLANG_WARN_OBJC_ROOT_CLASS = YES_ERROR;
				CLANG_WARN_UNREACHABLE_CODE = YES;
				CLANG_WARN__DUPLICATE_METHOD_MATCH = YES;
				CODE_SIGN_IDENTITY = "-";
				COPY_PHASE_STRIP = NO;
				DEBUG_INFORMATION_FORMAT = dwarf;
				ENABLE_STRICT_OBJC_MSGSEND = YES;
				GCC_C_LANGUAGE_STANDARD = gnu99;
				GCC_DYNAMIC_NO_PIC = NO;
				GCC_NO_COMMON_BLOCKS = YES;
				GCC_OPTIMIZATION_LEVEL = 0;
				GCC_PREPROCESSOR_DEFINITIONS = (
					"DEBUG=1",
					"$(inherited)",
				);
				GCC_SYMBOLS_PRIVATE_EXTERN = NO;
				GCC_WARN_64_TO_32_BIT_CONVERSION = YES;
				GCC_WARN_ABOUT_RETURN_TYPE = YES_ERROR;
				GCC_WARN_UNDECLARED_SELECTOR = YES;
				GCC_WARN_UNINITIALIZED_AUTOS = YES_AGGRESSIVE;
				GCC_WARN_UNUSED_FUNCTION = YES;
				GCC_WARN_UNUSED_VARIABLE = YES;
				MACOSX_DEPLOYMENT_TARGET = 10.10;
				MTL_ENABLE_DEBUG_INFO = YES;
				ONLY_ACTIVE_ARCH = YES;
				SDKROOT = macosx;
			};
			name = Debug;
		};
		93C89CE31B3CC3350033CCCC /* Release */ = {
			isa = XCBuildConfiguration;
			buildSettings = {
				ALWAYS_SEARCH_USER_PATHS = NO;
				CLANG_CXX_LANGUAGE_STANDARD = "gnu++0x";
				CLANG_CXX_LIBRARY = "libc++";
				CLANG_ENABLE_MODULES = YES;
				CLANG_ENABLE_OBJC_ARC = YES;
				CLANG_WARN_BOOL_CONVERSION = YES;
				CLANG_WARN_CONSTANT_CONVERSION = YES;
				CLANG_WARN_DIRECT_OBJC_ISA_USAGE = YES_ERROR;
				CLANG_WARN_EMPTY_BODY = YES;
				CLANG_WARN_ENUM_CONVERSION = YES;
				CLANG_WARN_INT_CONVERSION = YES;
				CLANG_WARN_OBJC_ROOT_CLASS = YES_ERROR;
				CLANG_WARN_UNREACHABLE_CODE = YES;
				CLANG_WARN__DUPLICATE_METHOD_MATCH = YES;
				CODE_SIGN_IDENTITY = "-";
				COPY_PHASE_STRIP = NO;
				DEBUG_INFORMATION_FORMAT = "dwarf-with-dsym";
				ENABLE_NS_ASSERTIONS = NO;
				ENABLE_STRICT_OBJC_MSGSEND = YES;
				GCC_C_LANGUAGE_STANDARD = gnu99;
				GCC_NO_COMMON_BLOCKS = YES;
				GCC_WARN_64_TO_32_BIT_CONVERSION = YES;
				GCC_WARN_ABOUT_RETURN_TYPE = YES_ERROR;
				GCC_WARN_UNDECLARED_SELECTOR = YES;
				GCC_WARN_UNINITIALIZED_AUTOS = YES_AGGRESSIVE;
				GCC_WARN_UNUSED_FUNCTION = YES;
				GCC_WARN_UNUSED_VARIABLE = YES;
				MACOSX_DEPLOYMENT_TARGET = 10.10;
				MTL_ENABLE_DEBUG_INFO = NO;
				SDKROOT = macosx;
			};
			name = Release;
		};
		93C89CE51B3CC3350033CCCC /* Debug */ = {
			isa = XCBuildConfiguration;
			buildSettings = {
				ASSETCATALOG_COMPILER_APPICON_NAME = AppIcon;
				COMBINE_HIDPI_IMAGES = YES;
				INFOPLIST_FILE = "Noon Pacific/Info.plist";
				LD_RUNPATH_SEARCH_PATHS = "$(inherited) @executable_path/../Frameworks";
				PRODUCT_NAME = "$(TARGET_NAME)";
			};
			name = Debug;
		};
		93C89CE61B3CC3350033CCCC /* Release */ = {
			isa = XCBuildConfiguration;
			buildSettings = {
				ASSETCATALOG_COMPILER_APPICON_NAME = AppIcon;
				COMBINE_HIDPI_IMAGES = YES;
				INFOPLIST_FILE = "Noon Pacific/Info.plist";
				LD_RUNPATH_SEARCH_PATHS = "$(inherited) @executable_path/../Frameworks";
				PRODUCT_NAME = "$(TARGET_NAME)";
			};
			name = Release;
		};
		93C89CE81B3CC3350033CCCC /* Debug */ = {
			isa = XCBuildConfiguration;
			buildSettings = {
				BUNDLE_LOADER = "$(TEST_HOST)";
				COMBINE_HIDPI_IMAGES = YES;
				FRAMEWORK_SEARCH_PATHS = (
					"$(DEVELOPER_FRAMEWORKS_DIR)",
					"$(inherited)",
				);
				GCC_PREPROCESSOR_DEFINITIONS = (
					"DEBUG=1",
					"$(inherited)",
				);
				INFOPLIST_FILE = "Noon PacificTests/Info.plist";
				LD_RUNPATH_SEARCH_PATHS = "$(inherited) @executable_path/../Frameworks @loader_path/../Frameworks";
				PRODUCT_NAME = "$(TARGET_NAME)";
				TEST_HOST = "$(BUILT_PRODUCTS_DIR)/Noon Pacific.app/Contents/MacOS/Noon Pacific";
			};
			name = Debug;
		};
		93C89CE91B3CC3350033CCCC /* Release */ = {
			isa = XCBuildConfiguration;
			buildSettings = {
				BUNDLE_LOADER = "$(TEST_HOST)";
				COMBINE_HIDPI_IMAGES = YES;
				FRAMEWORK_SEARCH_PATHS = (
					"$(DEVELOPER_FRAMEWORKS_DIR)",
					"$(inherited)",
				);
				INFOPLIST_FILE = "Noon PacificTests/Info.plist";
				LD_RUNPATH_SEARCH_PATHS = "$(inherited) @executable_path/../Frameworks @loader_path/../Frameworks";
				PRODUCT_NAME = "$(TARGET_NAME)";
				TEST_HOST = "$(BUILT_PRODUCTS_DIR)/Noon Pacific.app/Contents/MacOS/Noon Pacific";
			};
			name = Release;
		};
/* End XCBuildConfiguration section */

/* Begin XCConfigurationList section */
		93C89CBF1B3CC3340033CCCC /* Build configuration list for PBXProject "Noon Pacific" */ = {
			isa = XCConfigurationList;
			buildConfigurations = (
				93C89CE21B3CC3350033CCCC /* Debug */,
				93C89CE31B3CC3350033CCCC /* Release */,
			);
			defaultConfigurationIsVisible = 0;
			defaultConfigurationName = Release;
		};
		93C89CE41B3CC3350033CCCC /* Build configuration list for PBXNativeTarget "Noon Pacific" */ = {
			isa = XCConfigurationList;
			buildConfigurations = (
				93C89CE51B3CC3350033CCCC /* Debug */,
				93C89CE61B3CC3350033CCCC /* Release */,
			);
			defaultConfigurationIsVisible = 0;
			defaultConfigurationName = Release;
		};
		93C89CE71B3CC3350033CCCC /* Build configuration list for PBXNativeTarget "Noon PacificTests" */ = {
			isa = XCConfigurationList;
			buildConfigurations = (
				93C89CE81B3CC3350033CCCC /* Debug */,
				93C89CE91B3CC3350033CCCC /* Release */,
			);
			defaultConfigurationIsVisible = 0;
			defaultConfigurationName = Release;
		};
/* End XCConfigurationList section */
	};
	rootObject = 93C89CBC1B3CC3340033CCCC /* Project object */;
}
